PODS:
  - IQKeyboardManager (6.5.6)
  - Logan (1.2.7):
    - Logan/mbedtls (= 1.2.7)
  - Logan/mbedtls (1.2.7)
  - LZUISDK (0.2.0):
    - IQKeyboardManager
    - Logan (~> 1.2.5)
    - LZUISDK/LSAuthorization (= 0.2.0)
    - LZUISDK/LSBluetooth (= 0.2.0)
    - LZUISDK/LSBluetoothUI_iOS (= 0.2.0)
    - LZUISDK/LSDeviceManagerFramework (= 0.2.0)
    - LZUISDK/NetWork (= 0.2.0)
    - Masonry
    - SDWebImage
    - YYModel
  - LZUISDK/LSAuthorization (0.2.0):
    - IQKeyboardManager
    - Logan (~> 1.2.5)
    - Masonry
    - SDWebImage
    - YYModel
  - LZUISDK/LSBluetooth (0.2.0):
    - IQKeyboardManager
    - Logan (~> 1.2.5)
    - Masonry
    - SDWebImage
    - YYModel
  - LZUISDK/LSBluetoothUI_iOS (0.2.0):
    - IQKeyboardManager
    - Logan (~> 1.2.5)
    - Masonry
    - SDWebImage
    - YYModel
  - LZUISDK/LSDeviceManagerFramework (0.2.0):
    - IQKeyboardManager
    - Logan (~> 1.2.5)
    - Masonry
    - SDWebImage
    - YYModel
  - LZUISDK/NetWork (0.2.0):
    - IQKeyboardManager
    - Logan (~> 1.2.5)
    - Masonry
    - SDWebImage
    - YYModel
  - Masonry (1.1.0)
  - SDWebImage (5.10.2):
    - SDWebImage/Core (= 5.10.2)
  - SDWebImage/Core (5.10.2)
  - YYModel (1.0.4)

DEPENDENCIES:
  - LZUISDK (~> 0.2.0)

SPEC REPOS:
  https://github.com/CocoaPods/Specs.git:
    - IQKeyboardManager
    - Logan
    - Masonry
    - SDWebImage
    - YYModel
  https://github.com/leshiguang/cocoapods.git:
    - LZUISDK

SPEC CHECKSUMS:
  IQKeyboardManager: 2a6e97afdafc7becf0cb17a9a8d795e3a980717f
  Logan: d7e508f88d596b186e9cdcc0cf35b45c89bbc22f
  LZUISDK: 17a4398626802369a75120cbd68e4e25930d3cb6
  Masonry: 678fab65091a9290e40e2832a55e7ab731aad201
  SDWebImage: b969dcfc02c40a5da71eac0b03b8f1a0c794a86f
  YYModel: 2a7fdd96aaa4b86a824e26d0c517de8928c04b30

PODFILE CHECKSUM: 9f4082feac29f669ea562b53ad886a3845c1fd53

COCOAPODS: 1.10.0
