PODS:
  - IQKeyboardManager (6.5.6)
  - Logan (1.2.7):
    - Logan/mbedtls (= 1.2.7)
  - Logan/mbedtls (1.2.7)
  - LSBluetoothUI_iOS (0.4.4):
    - IQKeyboardManager (>= 4)
    - Logan (~> 1.2)
    - LZBluetooth (~> 1.6)
    - Masonry (~> 1.1)
    - SDWebImage (~> 5)
    - YYModel (~> 1.0)
  - LZBluetooth (1.6.3)
  - Masonry (1.1.0)
  - SDWebImage (5.10.4):
    - SDWebImage/Core (= 5.10.4)
  - SDWebImage/Core (5.10.4)
  - YYModel (1.0.4)

DEPENDENCIES:
  - LSBluetoothUI_iOS (= 0.4.4)
  - LZBluetooth (= 1.6.3)

SPEC REPOS:
  https://github.com/CocoaPods/Specs.git:
    - IQKeyboardManager
    - Logan
    - Masonry
    - SDWebImage
    - YYModel
  https://github.com/leshiguang/cocoapods.git:
    - LSBluetoothUI_iOS
    - LZBluetooth

SPEC CHECKSUMS:
  IQKeyboardManager: 2a6e97afdafc7becf0cb17a9a8d795e3a980717f
  Logan: d7e508f88d596b186e9cdcc0cf35b45c89bbc22f
  LSBluetoothUI_iOS: e591401ff9553860cc8a528d4f651c8fbf73f1ba
  LZBluetooth: 72bacfd494b856c1cf92ee2690d495e85abba49c
  Masonry: 678fab65091a9290e40e2832a55e7ab731aad201
  SDWebImage: c666b97e1fa9c64b4909816a903322018f0a9c84
  YYModel: 2a7fdd96aaa4b86a824e26d0c517de8928c04b30

PODFILE CHECKSUM: 48cc00fec3cc852b90a09fba8055adcc70ff0523

COCOAPODS: 1.10.0
